
Microsoft Visual Studio Solution File, Format Version 12.00
Project("{FAE04EC0-301F-11D3-BF4B-00C04F79EFBC}") = "SplitFlip", "SplitFlip\SplitFlip.csproj", "{CCDE3863-AD73-4B4A-B272-676126485FE3}"
EndProject
Project("{FAE04EC0-301F-11D3-BF4B-00C04F79EFBC}") = "UnitTest", "UnitTest\UnitTest.csproj", "{B5066049-A296-4051-9481-6A110940A848}"
EndProject
Project("{FAE04EC0-301F-11D3-BF4B-00C04F79EFBC}") = "Anagram", "Anagram\Anagram.csproj", "{77FFF6AE-AC67-4462-A148-5ACC6CE91D82}"
EndProject
Project("{FAE04EC0-301F-11D3-BF4B-00C04F79EFBC}") = "Discount", "Discount\Discount.csproj", "{49C82FB1-5FF4-45E6-B521-6FC2DA078BA3}"
EndProject
Global
	GlobalSection(SolutionConfigurationPlatforms) = preSolution
		Debug|Any CPU = Debug|Any CPU
		Release|Any CPU = Release|Any CPU
	EndGlobalSection
	GlobalSection(ProjectConfigurationPlatforms) = postSolution
		{CCDE3863-AD73-4B4A-B272-676126485FE3}.Debug|Any CPU.ActiveCfg = Debug|Any CPU
		{CCDE3863-AD73-4B4A-B272-676126485FE3}.Debug|Any CPU.Build.0 = Debug|Any CPU
		{CCDE3863-AD73-4B4A-B272-676126485FE3}.Release|Any CPU.ActiveCfg = Release|Any CPU
		{CCDE3863-AD73-4B4A-B272-676126485FE3}.Release|Any CPU.Build.0 = Release|Any CPU
		{B5066049-A296-4051-9481-6A110940A848}.Debug|Any CPU.ActiveCfg = Debug|Any CPU
		{B5066049-A296-4051-9481-6A110940A848}.Debug|Any CPU.Build.0 = Debug|Any CPU
		{B5066049-A296-4051-9481-6A110940A848}.Release|Any CPU.ActiveCfg = Release|Any CPU
		{B5066049-A296-4051-9481-6A110940A848}.Release|Any CPU.Build.0 = Release|Any CPU
		{77FFF6AE-AC67-4462-A148-5ACC6CE91D82}.Debug|Any CPU.ActiveCfg = Debug|Any CPU
		{77FFF6AE-AC67-4462-A148-5ACC6CE91D82}.Debug|Any CPU.Build.0 = Debug|Any CPU
		{77FFF6AE-AC67-4462-A148-5ACC6CE91D82}.Release|Any CPU.ActiveCfg = Release|Any CPU
		{77FFF6AE-AC67-4462-A148-5ACC6CE91D82}.Release|Any CPU.Build.0 = Release|Any CPU
		{49C82FB1-5FF4-45E6-B521-6FC2DA078BA3}.Debug|Any CPU.ActiveCfg = Debug|Any CPU
		{49C82FB1-5FF4-45E6-B521-6FC2DA078BA3}.Debug|Any CPU.Build.0 = Debug|Any CPU
		{49C82FB1-5FF4-45E6-B521-6FC2DA078BA3}.Release|Any CPU.ActiveCfg = Release|Any CPU
		{49C82FB1-5FF4-45E6-B521-6FC2DA078BA3}.Release|Any CPU.Build.0 = Release|Any CPU
	EndGlobalSection
EndGlobal
